// !$*UTF8*$!
{
	archiveVersion = 1;
	classes = {
	};
	objectVersion = 50;
	objects = {

/* Begin PBXBuildFile section */
		18672C95480E748367AB39A0 /* Pods_GoogleAPIClientForREST_Calendar.framework in Frameworks */ = {isa = PBXBuildFile; fileRef = 1B41BF6F7E9C5D03C4A6852E /* Pods_GoogleAPIClientForREST_Calendar.framework */; };
		7A1E38832213E5880083A5C8 /* AppDelegate.swift in Sources */ = {isa = PBXBuildFile; fileRef = 7A1E38822213E5880083A5C8 /* AppDelegate.swift */; };
		7A1E38852213E5880083A5C8 /* ViewController.swift in Sources */ = {isa = PBXBuildFile; fileRef = 7A1E38842213E5880083A5C8 /* ViewController.swift */; };
		7A1E38882213E5880083A5C8 /* Main.storyboard in Resources */ = {isa = PBXBuildFile; fileRef = 7A1E38862213E5880083A5C8 /* Main.storyboard */; };
		7A1E388A2213E58B0083A5C8 /* Assets.xcassets in Resources */ = {isa = PBXBuildFile; fileRef = 7A1E38892213E58B0083A5C8 /* Assets.xcassets */; };
		7A1E388D2213E58B0083A5C8 /* LaunchScreen.storyboard in Resources */ = {isa = PBXBuildFile; fileRef = 7A1E388B2213E58B0083A5C8 /* LaunchScreen.storyboard */; };
/* End PBXBuildFile section */

/* Begin PBXFileReference section */
		1B41BF6F7E9C5D03C4A6852E /* Pods_GoogleAPIClientForREST_Calendar.framework */ = {isa = PBXFileReference; explicitFileType = wrapper.framework; includeInIndex = 0; path = Pods_GoogleAPIClientForREST_Calendar.framework; sourceTree = BUILT_PRODUCTS_DIR; };
		252CC908E20FDF4127F1E25E /* Pods-GoogleAPIClientForREST-Calendar.release.xcconfig */ = {isa = PBXFileReference; includeInIndex = 1; lastKnownFileType = text.xcconfig; name = "Pods-GoogleAPIClientForREST-Calendar.release.xcconfig"; path = "Pods/Target Support Files/Pods-GoogleAPIClientForREST-Calendar/Pods-GoogleAPIClientForREST-Calendar.release.xcconfig"; sourceTree = "<group>"; };
		7A1E387F2213E5880083A5C8 /* GoogleAPIClientForREST-Calendar.app */ = {isa = PBXFileReference; explicitFileType = wrapper.application; includeInIndex = 0; path = "GoogleAPIClientForREST-Calendar.app"; sourceTree = BUILT_PRODUCTS_DIR; };
		7A1E38822213E5880083A5C8 /* AppDelegate.swift */ = {isa = PBXFileReference; lastKnownFileType = sourcecode.swift; path = AppDelegate.swift; sourceTree = "<group>"; };
		7A1E38842213E5880083A5C8 /* ViewController.swift */ = {isa = PBXFileReference; lastKnownFileType = sourcecode.swift; path = ViewController.swift; sourceTree = "<group>"; };
		7A1E38872213E5880083A5C8 /* Base */ = {isa = PBXFileReference; lastKnownFileType = file.storyboard; name = Base; path = Base.lproj/Main.storyboard; sourceTree = "<group>"; };
		7A1E38892213E58B0083A5C8 /* Assets.xcassets */ = {isa = PBXFileReference; lastKnownFileType = folder.assetcatalog; path = Assets.xcassets; sourceTree = "<group>"; };
		7A1E388C2213E58B0083A5C8 /* Base */ = {isa = PBXFileReference; lastKnownFileType = file.storyboard; name = Base; path = Base.lproj/LaunchScreen.storyboard; sourceTree = "<group>"; };
		7A1E388E2213E58B0083A5C8 /* Info.plist */ = {isa = PBXFileReference; lastKnownFileType = text.plist.xml; path = Info.plist; sourceTree = "<group>"; };
		ECD63F8C75C082D6F9BCDD7D /* Pods-GoogleAPIClientForREST-Calendar.debug.xcconfig */ = {isa = PBXFileReference; includeInIndex = 1; lastKnownFileType = text.xcconfig; name = "Pods-GoogleAPIClientForREST-Calendar.debug.xcconfig"; path = "Pods/Target Support Files/Pods-GoogleAPIClientForREST-Calendar/Pods-GoogleAPIClientForREST-Calendar.debug.xcconfig"; sourceTree = "<group>"; };
/* End PBXFileReference section */

/* Begin PBXFrameworksBuildPhase section */
		7A1E387C2213E5880083A5C8 /* Frameworks */ = {
			isa = PBXFrameworksBuildPhase;
			buildActionMask = 2147483647;
			files = (
				18672C95480E748367AB39A0 /* Pods_GoogleAPIClientForREST_Calendar.framework in Frameworks */,
			);
			runOnlyForDeploymentPostprocessing = 0;
		};
/* End PBXFrameworksBuildPhase section */

/* Begin PBXGroup section */
		238B9EC57A32E6E8B15EEDE1 /* Frameworks */ = {
			isa = PBXGroup;
			children = (
				1B41BF6F7E9C5D03C4A6852E /* Pods_GoogleAPIClientForREST_Calendar.framework */,
			);
			name = Frameworks;
			sourceTree = "<group>";
		};
		7A1E38762213E5880083A5C8 = {
			isa = PBXGroup;
			children = (
				7A1E38812213E5880083A5C8 /* GoogleAPIClientForREST-Calendar */,
				7A1E38802213E5880083A5C8 /* Products */,
				F1BF08D290AED97A469B61AA /* Pods */,
				238B9EC57A32E6E8B15EEDE1 /* Frameworks */,
			);
			sourceTree = "<group>";
		};
		7A1E38802213E5880083A5C8 /* Products */ = {
			isa = PBXGroup;
			children = (
				7A1E387F2213E5880083A5C8 /* GoogleAPIClientForREST-Calendar.app */,
			);
			name = Products;
			sourceTree = "<group>";
		};
		7A1E38812213E5880083A5C8 /* GoogleAPIClientForREST-Calendar */ = {
			isa = PBXGroup;
			children = (
				7A1E38822213E5880083A5C8 /* AppDelegate.swift */,
				7A1E38842213E5880083A5C8 /* ViewController.swift */,
				7A1E38862213E5880083A5C8 /* Main.storyboard */,
				7A1E38892213E58B0083A5C8 /* Assets.xcassets */,
				7A1E388B2213E58B0083A5C8 /* LaunchScreen.storyboard */,
				7A1E388E2213E58B0083A5C8 /* Info.plist */,
			);
			path = "GoogleAPIClientForREST-Calendar";
			sourceTree = "<group>";
		};
		F1BF08D290AED97A469B61AA /* Pods */ = {
			isa = PBXGroup;
			children = (
				ECD63F8C75C082D6F9BCDD7D /* Pods-GoogleAPIClientForREST-Calendar.debug.xcconfig */,
				252CC908E20FDF4127F1E25E /* Pods-GoogleAPIClientForREST-Calendar.release.xcconfig */,
			);
			name = Pods;
			sourceTree = "<group>";
		};
/* End PBXGroup section */

/* Begin PBXNativeTarget section */
		7A1E387E2213E5880083A5C8 /* GoogleAPIClientForREST-Calendar */ = {
			isa = PBXNativeTarget;
			buildConfigurationList = 7A1E38912213E58B0083A5C8 /* Build configuration list for PBXNativeTarget "GoogleAPIClientForREST-Calendar" */;
			buildPhases = (
				A742E7C2B175A3DA585D0436 /* [CP] Check Pods Manifest.lock */,
				7A1E387B2213E5880083A5C8 /* Sources */,
				7A1E387C2213E5880083A5C8 /* Frameworks */,
				7A1E387D2213E5880083A5C8 /* Resources */,
				9F2B0253823833486814F1DA /* [CP] Embed Pods Frameworks */,
				A255583D49E918BFFBF955B4 /* [CP] Copy Pods Resources */,
			);
			buildRules = (
			);
			dependencies = (
			);
			name = "GoogleAPIClientForREST-Calendar";
			productName = "GoogleAPIClientForREST-Calendar";
			productReference = 7A1E387F2213E5880083A5C8 /* GoogleAPIClientForREST-Calendar.app */;
			productType = "com.apple.product-type.application";
		};
/* End PBXNativeTarget section */

/* Begin PBXProject section */
		7A1E38772213E5880083A5C8 /* Project object */ = {
			isa = PBXProject;
			attributes = {
				LastSwiftUpdateCheck = 1010;
				LastUpgradeCheck = 1010;
				ORGANIZATIONNAME = Yisus;
				TargetAttributes = {
					7A1E387E2213E5880083A5C8 = {
						CreatedOnToolsVersion = 10.1;
					};
				};
			};
			buildConfigurationList = 7A1E387A2213E5880083A5C8 /* Build configuration list for PBXProject "GoogleAPIClientForREST-Calendar" */;
			compatibilityVersion = "Xcode 9.3";
			developmentRegion = en;
			hasScannedForEncodings = 0;
			knownRegions = (
				en,
				Base,
			);
			mainGroup = 7A1E38762213E5880083A5C8;
			productRefGroup = 7A1E38802213E5880083A5C8 /* Products */;
			projectDirPath = "";
			projectRoot = "";
			targets = (
				7A1E387E2213E5880083A5C8 /* GoogleAPIClientForREST-Calendar */,
			);
		};
/* End PBXProject section */

/* Begin PBXResourcesBuildPhase section */
		7A1E387D2213E5880083A5C8 /* Resources */ = {
			isa = PBXResourcesBuildPhase;
			buildActionMask = 2147483647;
			files = (
				7A1E388D2213E58B0083A5C8 /* LaunchScreen.storyboard in Resources */,
				7A1E388A2213E58B0083A5C8 /* Assets.xcassets in Resources */,
				7A1E38882213E5880083A5C8 /* Main.storyboard in Resources */,
			);
			runOnlyForDeploymentPostprocessing = 0;
		};
/* End PBXResourcesBuildPhase section */

/* Begin PBXShellScriptBuildPhase section */
		9F2B0253823833486814F1DA /* [CP] Embed Pods Frameworks */ = {
			isa = PBXShellScriptBuildPhase;
			buildActionMask = 2147483647;
			files = (
			);
			inputPaths = (
				"${SRCROOT}/Pods/Target Support Files/Pods-GoogleAPIClientForREST-Calendar/Pods-GoogleAPIClientForREST-Calendar-frameworks.sh",
				"${BUILT_PRODUCTS_DIR}/GTMSessionFetcher/GTMSessionFetcher.framework",
				"${BUILT_PRODUCTS_DIR}/GoogleAPIClientForREST/GoogleAPIClientForREST.framework",
				"${BUILT_PRODUCTS_DIR}/GoogleToolboxForMac/GoogleToolboxForMac.framework",
			);
			name = "[CP] Embed Pods Frameworks";
			outputPaths = (
				"${TARGET_BUILD_DIR}/${FRAMEWORKS_FOLDER_PATH}/GTMSessionFetcher.framework",
				"${TARGET_BUILD_DIR}/${FRAMEWORKS_FOLDER_PATH}/GoogleAPIClientForREST.framework",
				"${TARGET_BUILD_DIR}/${FRAMEWORKS_FOLDER_PATH}/GoogleToolboxForMac.framework",
			);
			runOnlyForDeploymentPostprocessing = 0;
			shellPath = /bin/sh;
			shellScript = "\"${SRCROOT}/Pods/Target Support Files/Pods-GoogleAPIClientForREST-Calendar/Pods-GoogleAPIClientForREST-Calendar-frameworks.sh\"\n";
			showEnvVarsInLog = 0;
		};
		A255583D49E918BFFBF955B4 /* [CP] Copy Pods Resources */ = {
			isa = PBXShellScriptBuildPhase;
			buildActionMask = 2147483647;
			files = (
			);
			inputPaths = (
				"${SRCROOT}/Pods/Target Support Files/Pods-GoogleAPIClientForREST-Calendar/Pods-GoogleAPIClientForREST-Calendar-resources.sh",
				"${PODS_ROOT}/GoogleSignIn/Resources/GoogleSignIn.bundle",
			);
			name = "[CP] Copy Pods Resources";
			outputPaths = (
				"${TARGET_BUILD_DIR}/${UNLOCALIZED_RESOURCES_FOLDER_PATH}/GoogleSignIn.bundle",
			);
			runOnlyForDeploymentPostprocessing = 0;
			shellPath = /bin/sh;
			shellScript = "\"${SRCROOT}/Pods/Target Support Files/Pods-GoogleAPIClientForREST-Calendar/Pods-GoogleAPIClientForREST-Calendar-resources.sh\"\n";
			showEnvVarsInLog = 0;
		};
		A742E7C2B175A3DA585D0436 /* [CP] Check Pods Manifest.lock */ = {
			isa = PBXShellScriptBuildPhase;
			buildActionMask = 2147483647;
			files = (
			);
			inputPaths = (
				"${PODS_PODFILE_DIR_PATH}/Podfile.lock",
				"${PODS_ROOT}/Manifest.lock",
			);
			name = "[CP] Check Pods Manifest.lock";
			outputPaths = (
				"$(DERIVED_FILE_DIR)/Pods-GoogleAPIClientForREST-Calendar-checkManifestLockResult.txt",
			);
			runOnlyForDeploymentPostprocessing = 0;
			shellPath = /bin/sh;
			shellScript = "diff \"${PODS_PODFILE_DIR_PATH}/Podfile.lock\" \"${PODS_ROOT}/Manifest.lock\" > /dev/null\nif [ $? != 0 ] ; then\n    # print error to STDERR\n    echo \"error: The sandbox is not in sync with the Podfile.lock. Run 'pod install' or update your CocoaPods installation.\" >&2\n    exit 1\nfi\n# This output is used by Xcode 'outputs' to avoid re-running this script phase.\necho \"SUCCESS\" > \"${SCRIPT_OUTPUT_FILE_0}\"\n";
			showEnvVarsInLog = 0;
		};
/* End PBXShellScriptBuildPhase section */

/* Begin PBXSourcesBuildPhase section */
		7A1E387B2213E5880083A5C8 /* Sources */ = {
			isa = PBXSourcesBuildPhase;
			buildActionMask = 2147483647;
			files = (
				7A1E38852213E5880083A5C8 /* ViewController.swift in Sources */,
				7A1E38832213E5880083A5C8 /* AppDelegate.swift in Sources */,
			);
			runOnlyForDeploymentPostprocessing = 0;
		};
/* End PBXSourcesBuildPhase section */

/* Begin PBXVariantGroup section */
		7A1E38862213E5880083A5C8 /* Main.storyboard */ = {
			isa = PBXVariantGroup;
			children = (
				7A1E38872213E5880083A5C8 /* Base */,
			);
			name = Main.storyboard;
			sourceTree = "<group>";
		};
		7A1E388B2213E58B0083A5C8 /* LaunchScreen.storyboard */ = {
			isa = PBXVariantGroup;
			children = (
				7A1E388C2213E58B0083A5C8 /* Base */,
			);
			name = LaunchScreen.storyboard;
			sourceTree = "<group>";
		};
/* End PBXVariantGroup section */

/* Begin XCBuildConfiguration section */
		7A1E388F2213E58B0083A5C8 /* Debug */ = {
			isa = XCBuildConfiguration;
			buildSettings = {
				ALWAYS_SEARCH_USER_PATHS = NO;
				CLANG_ANALYZER_NONNULL = YES;
				CLANG_ANALYZER_NUMBER_OBJECT_CONVERSION = YES_AGGRESSIVE;
				CLANG_CXX_LANGUAGE_STANDARD = "gnu++14";
				CLANG_CXX_LIBRARY = "libc++";
				CLANG_ENABLE_MODULES = YES;
				CLANG_ENABLE_OBJC_ARC = YES;
				CLANG_ENABLE_OBJC_WEAK = YES;
				CLANG_WARN_BLOCK_CAPTURE_AUTORELEASING = YES;
				CLANG_WARN_BOOL_CONVERSION = YES;
				CLANG_WARN_COMMA = YES;
				CLANG_WARN_CONSTANT_CONVERSION = YES;
				CLANG_WARN_DEPRECATED_OBJC_IMPLEMENTATIONS = YES;
				CLANG_WARN_DIRECT_OBJC_ISA_USAGE = YES_ERROR;
				CLANG_WARN_DOCUMENTATION_COMMENTS = YES;
				CLANG_WARN_EMPTY_BODY = YES;
				CLANG_WARN_ENUM_CONVERSION = YES;
				CLANG_WARN_INFINITE_RECURSION = YES;
				CLANG_WARN_INT_CONVERSION = YES;
				CLANG_WARN_NON_LITERAL_NULL_CONVERSION = YES;
				CLANG_WARN_OBJC_IMPLICIT_RETAIN_SELF = YES;
				CLANG_WARN_OBJC_LITERAL_CONVERSION = YES;
				CLANG_WARN_OBJC_ROOT_CLASS = YES_ERROR;
				CLANG_WARN_RANGE_LOOP_ANALYSIS = YES;
				CLANG_WARN_STRICT_PROTOTYPES = YES;
				CLANG_WARN_SUSPICIOUS_MOVE = YES;
				CLANG_WARN_UNGUARDED_AVAILABILITY = YES_AGGRESSIVE;
				CLANG_WARN_UNREACHABLE_CODE = YES;
				CLANG_WARN__DUPLICATE_METHOD_MATCH = YES;
				CODE_SIGN_IDENTITY = "iPhone Developer";
				COPY_PHASE_STRIP = NO;
				DEBUG_INFORMATION_FORMAT = dwarf;
				ENABLE_STRICT_OBJC_MSGSEND = YES;
				ENABLE_TESTABILITY = YES;
				GCC_C_LANGUAGE_STANDARD = gnu11;
				GCC_DYNAMIC_NO_PIC = NO;
				GCC_NO_COMMON_BLOCKS = YES;
				GCC_OPTIMIZATION_LEVEL = 0;
				GCC_PREPROCESSOR_DEFINITIONS = (
					"DEBUG=1",
					"$(inherited)",
				);
				GCC_WARN_64_TO_32_BIT_CONVERSION = YES;
				GCC_WARN_ABOUT_RETURN_TYPE = YES_ERROR;
				GCC_WARN_UNDECLARED_SELECTOR = YES;
				GCC_WARN_UNINITIALIZED_AUTOS = YES_AGGRESSIVE;
				GCC_WARN_UNUSED_FUNCTION = YES;
				GCC_WARN_UNUSED_VARIABLE = YES;
				IPHONEOS_DEPLOYMENT_TARGET = 12.1;
				MTL_ENABLE_DEBUG_INFO = INCLUDE_SOURCE;
				MTL_FAST_MATH = YES;
				ONLY_ACTIVE_ARCH = YES;
				SDKROOT = iphoneos;
				SWIFT_ACTIVE_COMPILATION_CONDITIONS = DEBUG;
				SWIFT_OPTIMIZATION_LEVEL = "-Onone";
			};
			name = Debug;
		};
		7A1E38902213E58B0083A5C8 /* Release */ = {
			isa = XCBuildConfiguration;
			buildSettings = {
				ALWAYS_SEARCH_USER_PATHS = NO;
				CLANG_ANALYZER_NONNULL = YES;
				CLANG_ANALYZER_NUMBER_OBJECT_CONVERSION = YES_AGGRESSIVE;
				CLANG_CXX_LANGUAGE_STANDARD = "gnu++14";
				CLANG_CXX_LIBRARY = "libc++";
				CLANG_ENABLE_MODULES = YES;
				CLANG_ENABLE_OBJC_ARC = YES;
				CLANG_ENABLE_OBJC_WEAK = YES;
				CLANG_WARN_BLOCK_CAPTURE_AUTORELEASING = YES;
				CLANG_WARN_BOOL_CONVERSION = YES;
				CLANG_WARN_COMMA = YES;
				CLANG_WARN_CONSTANT_CONVERSION = YES;
				CLANG_WARN_DEPRECATED_OBJC_IMPLEMENTATIONS = YES;
				CLANG_WARN_DIRECT_OBJC_ISA_USAGE = YES_ERROR;
				CLANG_WARN_DOCUMENTATION_COMMENTS = YES;
				CLANG_WARN_EMPTY_BODY = YES;
				CLANG_WARN_ENUM_CONVERSION = YES;
				CLANG_WARN_INFINITE_RECURSION = YES;
				CLANG_WARN_INT_CONVERSION = YES;
				CLANG_WARN_NON_LITERAL_NULL_CONVERSION = YES;
				CLANG_WARN_OBJC_IMPLICIT_RETAIN_SELF = YES;
				CLANG_WARN_OBJC_LITERAL_CONVERSION = YES;
				CLANG_WARN_OBJC_ROOT_CLASS = YES_ERROR;
				CLANG_WARN_RANGE_LOOP_ANALYSIS = YES;
				CLANG_WARN_STRICT_PROTOTYPES = YES;
				CLANG_WARN_SUSPICIOUS_MOVE = YES;
				CLANG_WARN_UNGUARDED_AVAILABILITY = YES_AGGRESSIVE;
				CLANG_WARN_UNREACHABLE_CODE = YES;
				CLANG_WARN__DUPLICATE_METHOD_MATCH = YES;
				CODE_SIGN_IDENTITY = "iPhone Developer";
				COPY_PHASE_STRIP = NO;
				DEBUG_INFORMATION_FORMAT = "dwarf-with-dsym";
				ENABLE_NS_ASSERTIONS = NO;
				ENABLE_STRICT_OBJC_MSGSEND = YES;
				GCC_C_LANGUAGE_STANDARD = gnu11;
				GCC_NO_COMMON_BLOCKS = YES;
				GCC_WARN_64_TO_32_BIT_CONVERSION = YES;
				GCC_WARN_ABOUT_RETURN_TYPE = YES_ERROR;
				GCC_WARN_UNDECLARED_SELECTOR = YES;
				GCC_WARN_UNINITIALIZED_AUTOS = YES_AGGRESSIVE;
				GCC_WARN_UNUSED_FUNCTION = YES;
				GCC_WARN_UNUSED_VARIABLE = YES;
				IPHONEOS_DEPLOYMENT_TARGET = 12.1;
				MTL_ENABLE_DEBUG_INFO = NO;
				MTL_FAST_MATH = YES;
				SDKROOT = iphoneos;
				SWIFT_COMPILATION_MODE = wholemodule;
				SWIFT_OPTIMIZATION_LEVEL = "-O";
				VALIDATE_PRODUCT = YES;
			};
			name = Release;
		};
		7A1E38922213E58B0083A5C8 /* Debug */ = {
			isa = XCBuildConfiguration;
			baseConfigurationReference = ECD63F8C75C082D6F9BCDD7D /* Pods-GoogleAPIClientForREST-Calendar.debug.xcconfig */;
			buildSettings = {
				ASSETCATALOG_COMPILER_APPICON_NAME = AppIcon;
				CODE_SIGN_STYLE = Automatic;
				DEVELOPMENT_TEAM = G44XUJW6C3;
				INFOPLIST_FILE = "GoogleAPIClientForREST-Calendar/Info.plist";
				LD_RUNPATH_SEARCH_PATHS = (
					"$(inherited)",
					"@executable_path/Frameworks",
				);
				PRODUCT_BUNDLE_IDENTIFIER = "com.yisus.GoogleAPIClientForREST-Calendar";
				PRODUCT_NAME = "$(TARGET_NAME)";
				SWIFT_VERSION = 4.2;
				TARGETED_DEVICE_FAMILY = "1,2";
			};
			name = Debug;
		};
		7A1E38932213E58B0083A5C8 /* Release */ = {
			isa = XCBuildConfiguration;
			baseConfigurationReference = 252CC908E20FDF4127F1E25E /* Pods-GoogleAPIClientForREST-Calendar.release.xcconfig */;
			buildSettings = {
				ASSETCATALOG_COMPILER_APPICON_NAME = AppIcon;
				CODE_SIGN_STYLE = Automatic;
				DEVELOPMENT_TEAM = G44XUJW6C3;
				INFOPLIST_FILE = "GoogleAPIClientForREST-Calendar/Info.plist";
				LD_RUNPATH_SEARCH_PATHS = (
					"$(inherited)",
					"@executable_path/Frameworks",
				);
				PRODUCT_BUNDLE_IDENTIFIER = "com.yisus.GoogleAPIClientForREST-Calendar";
				PRODUCT_NAME = "$(TARGET_NAME)";
				SWIFT_VERSION = 4.2;
				TARGETED_DEVICE_FAMILY = "1,2";
			};
			name = Release;
		};
/* End XCBuildConfiguration section */

/* Begin XCConfigurationList section */
		7A1E387A2213E5880083A5C8 /* Build configuration list for PBXProject "GoogleAPIClientForREST-Calendar" */ = {
			isa = XCConfigurationList;
			buildConfigurations = (
				7A1E388F2213E58B0083A5C8 /* Debug */,
				7A1E38902213E58B0083A5C8 /* Release */,
			);
			defaultConfigurationIsVisible = 0;
			defaultConfigurationName = Release;
		};
		7A1E38912213E58B0083A5C8 /* Build configuration list for PBXNativeTarget "GoogleAPIClientForREST-Calendar" */ = {
			isa = XCConfigurationList;
			buildConfigurations = (
				7A1E38922213E58B0083A5C8 /* Debug */,
				7A1E38932213E58B0083A5C8 /* Release */,
			);
			defaultConfigurationIsVisible = 0;
			defaultConfigurationName = Release;
		};
/* End XCConfigurationList section */
	};
	rootObject = 7A1E38772213E5880083A5C8 /* Project object */;
}
